
Microsoft Visual Studio Solution File, Format Version 12.00
# Visual Studio 2012
Project("{FAE04EC0-301F-11D3-BF4B-00C04F79EFBC}") = "RezNetUsage.Core", "RezNetUsage.Core\RezNetUsage.Core.csproj", "{F6848D3F-1427-4EBC-A788-58CE7B93F054}"
EndProject
Project("{FAE04EC0-301F-11D3-BF4B-00C04F79EFBC}") = "RezNetUsage.Web", "RezNetUsage.Web\RezNetUsage.Web.csproj", "{64FB8787-0BC2-4076-B861-DE02C752AE46}"
EndProject
Project("{FAE04EC0-301F-11D3-BF4B-00C04F79EFBC}") = "RezNetUsage.DataFetcher", "DataFetcher\RezNetUsage.DataFetcher.csproj", "{E1605538-6A9F-4B2B-8CC6-F5CA664FF1DC}"
EndProject
Global
	GlobalSection(TestCaseManagementSettings) = postSolution
		CategoryFile = RezNetUsage.vsmdi
	EndGlobalSection
	GlobalSection(SolutionConfigurationPlatforms) = preSolution
		Debug|Any CPU = Debug|Any CPU
		Debug|Mixed Platforms = Debug|Mixed Platforms
		Debug|x86 = Debug|x86
		Release|Any CPU = Release|Any CPU
		Release|Mixed Platforms = Release|Mixed Platforms
		Release|x86 = Release|x86
	EndGlobalSection
	GlobalSection(ProjectConfigurationPlatforms) = postSolution
		{F6848D3F-1427-4EBC-A788-58CE7B93F054}.Debug|Any CPU.ActiveCfg = Debug|Any CPU
		{F6848D3F-1427-4EBC-A788-58CE7B93F054}.Debug|Any CPU.Build.0 = Debug|Any CPU
		{F6848D3F-1427-4EBC-A788-58CE7B93F054}.Debug|Mixed Platforms.ActiveCfg = Debug|Any CPU
		{F6848D3F-1427-4EBC-A788-58CE7B93F054}.Debug|Mixed Platforms.Build.0 = Debug|Any CPU
		{F6848D3F-1427-4EBC-A788-58CE7B93F054}.Debug|x86.ActiveCfg = Debug|Any CPU
		{F6848D3F-1427-4EBC-A788-58CE7B93F054}.Release|Any CPU.ActiveCfg = Release|Any CPU
		{F6848D3F-1427-4EBC-A788-58CE7B93F054}.Release|Any CPU.Build.0 = Release|Any CPU
		{F6848D3F-1427-4EBC-A788-58CE7B93F054}.Release|Mixed Platforms.ActiveCfg = Release|Any CPU
		{F6848D3F-1427-4EBC-A788-58CE7B93F054}.Release|Mixed Platforms.Build.0 = Release|Any CPU
		{F6848D3F-1427-4EBC-A788-58CE7B93F054}.Release|x86.ActiveCfg = Release|Any CPU
		{64FB8787-0BC2-4076-B861-DE02C752AE46}.Debug|Any CPU.ActiveCfg = Debug|Any CPU
		{64FB8787-0BC2-4076-B861-DE02C752AE46}.Debug|Any CPU.Build.0 = Debug|Any CPU
		{64FB8787-0BC2-4076-B861-DE02C752AE46}.Debug|Mixed Platforms.ActiveCfg = Debug|Any CPU
		{64FB8787-0BC2-4076-B861-DE02C752AE46}.Debug|Mixed Platforms.Build.0 = Debug|Any CPU
		{64FB8787-0BC2-4076-B861-DE02C752AE46}.Debug|x86.ActiveCfg = Debug|Any CPU
		{64FB8787-0BC2-4076-B861-DE02C752AE46}.Release|Any CPU.ActiveCfg = Release|Any CPU
		{64FB8787-0BC2-4076-B861-DE02C752AE46}.Release|Any CPU.Build.0 = Release|Any CPU
		{64FB8787-0BC2-4076-B861-DE02C752AE46}.Release|Mixed Platforms.ActiveCfg = Release|Any CPU
		{64FB8787-0BC2-4076-B861-DE02C752AE46}.Release|Mixed Platforms.Build.0 = Release|Any CPU
		{64FB8787-0BC2-4076-B861-DE02C752AE46}.Release|x86.ActiveCfg = Release|Any CPU
		{E1605538-6A9F-4B2B-8CC6-F5CA664FF1DC}.Debug|Any CPU.ActiveCfg = Debug|x86
		{E1605538-6A9F-4B2B-8CC6-F5CA664FF1DC}.Debug|Mixed Platforms.ActiveCfg = Debug|x86
		{E1605538-6A9F-4B2B-8CC6-F5CA664FF1DC}.Debug|Mixed Platforms.Build.0 = Debug|x86
		{E1605538-6A9F-4B2B-8CC6-F5CA664FF1DC}.Debug|x86.ActiveCfg = Debug|x86
		{E1605538-6A9F-4B2B-8CC6-F5CA664FF1DC}.Debug|x86.Build.0 = Debug|x86
		{E1605538-6A9F-4B2B-8CC6-F5CA664FF1DC}.Release|Any CPU.ActiveCfg = Release|x86
		{E1605538-6A9F-4B2B-8CC6-F5CA664FF1DC}.Release|Mixed Platforms.ActiveCfg = Release|x86
		{E1605538-6A9F-4B2B-8CC6-F5CA664FF1DC}.Release|Mixed Platforms.Build.0 = Release|x86
		{E1605538-6A9F-4B2B-8CC6-F5CA664FF1DC}.Release|x86.ActiveCfg = Release|x86
		{E1605538-6A9F-4B2B-8CC6-F5CA664FF1DC}.Release|x86.Build.0 = Release|x86
	EndGlobalSection
	GlobalSection(SolutionProperties) = preSolution
		HideSolutionNode = FALSE
	EndGlobalSection
	GlobalSection(SubversionScc) = preSolution
		Svn-Managed = True
		Manager = AnkhSVN - Subversion Support for Visual Studio
	EndGlobalSection
EndGlobal
